{
  "nodes": {
    "nixpkgs": {
      "locked": {
        "lastModified": 1712043709,
        "narHash": "sha256-elKGOOkrUYwOxfZI3/qpCt5+Q+lQIDSdJCzhNNO/3Dw=",
        "owner": "nixos",
        "repo": "nixpkgs",
        "rev": "fc9891b6d4d2276254599bfbb83f5b03b02f036c",
        "type": "github"
      },
      "original": {
        "owner": "nixos",
        "repo": "nixpkgs",
        "type": "github"
      }
    },
    "root": {
      "inputs": {
        "nixpkgs": "nixpkgs"
      }
    }
  },
  "root": "root",
  "version": 7
}
