# @generated - this file is auto-generated by `mise lock` https://mise.en.dev/dev-tools/mise-lock.html

[[tools.git-cliff]]
version = "2.12.0"
backend = "aqua:orhun/git-cliff"

[[tools.go]]
version = "1.26.4"
backend = "core:go"

[[tools.golangci-lint]]
version = "2.9.0"
backend = "aqua:golangci/golangci-lint"

[tools.golangci-lint."platforms.linux-arm64"]
provenance = "github-attestations"

[tools.golangci-lint."platforms.linux-arm64-musl"]
provenance = "github-attestations"

[tools.golangci-lint."platforms.linux-x64"]
provenance = "github-attestations"

[tools.golangci-lint."platforms.linux-x64-musl"]
provenance = "github-attestations"

[tools.golangci-lint."platforms.macos-arm64"]
provenance = "github-attestations"

[tools.golangci-lint."platforms.macos-x64"]
provenance = "github-attestations"

[tools.golangci-lint."platforms.windows-x64"]
provenance = "github-attestations"
